
Microsoft Visual Studio Solution File, Format Version 12.00
# Visual Studio Version 16
VisualStudioVersion = 16.0.29905.134
MinimumVisualStudioVersion = 10.0.40219.1
Project("{FAE04EC0-301F-11D3-BF4B-00C04F79EFBC}") = "Vector", "Vector\Vector.csproj", "{71E67F5F-CDEF-4FCB-BCE9-D4DF54C675CE}"
EndProject
Global
	GlobalSection(SolutionConfigurationPlatforms) = preSolution
		Debug|Any CPU = Debug|Any CPU
		Release|Any CPU = Release|Any CPU
	EndGlobalSection
	GlobalSection(ProjectConfigurationPlatforms) = postSolution
		{71E67F5F-CDEF-4FCB-BCE9-D4DF54C675CE}.Debug|Any CPU.ActiveCfg = Debug|Any CPU
		{71E67F5F-CDEF-4FCB-BCE9-D4DF54C675CE}.Debug|Any CPU.Build.0 = Debug|Any CPU
		{71E67F5F-CDEF-4FCB-BCE9-D4DF54C675CE}.Release|Any CPU.ActiveCfg = Release|Any CPU
		{71E67F5F-CDEF-4FCB-BCE9-D4DF54C675CE}.Release|Any CPU.Build.0 = Release|Any CPU
	EndGlobalSection
	GlobalSection(SolutionProperties) = preSolution
		HideSolutionNode = FALSE
	EndGlobalSection
	GlobalSection(ExtensibilityGlobals) = postSolution
		SolutionGuid = {AC732AA9-60D9-4FF1-8021-95F12F424BAF}
	EndGlobalSection
EndGlobal
