
Microsoft Visual Studio Solution File, Format Version 12.00
# Visual Studio Version 16
VisualStudioVersion = 16.0.29905.134
MinimumVisualStudioVersion = 10.0.40219.1
Project("{FAE04EC0-301F-11D3-BF4B-00C04F79EFBC}") = "RangeTask", "RangeTask\RangeTask.csproj", "{638B44DC-87EC-4844-B7B7-2FB35FD5C009}"
EndProject
Project("{FAE04EC0-301F-11D3-BF4B-00C04F79EFBC}") = "ShapeTask", "ShapeTask\ShapeTask.csproj", "{FD00B295-25B4-4630-B169-6E5A606AA4ED}"
EndProject
Global
	GlobalSection(SolutionConfigurationPlatforms) = preSolution
		Debug|Any CPU = Debug|Any CPU
		Release|Any CPU = Release|Any CPU
	EndGlobalSection
	GlobalSection(ProjectConfigurationPlatforms) = postSolution
		{638B44DC-87EC-4844-B7B7-2FB35FD5C009}.Debug|Any CPU.ActiveCfg = Debug|Any CPU
		{638B44DC-87EC-4844-B7B7-2FB35FD5C009}.Debug|Any CPU.Build.0 = Debug|Any CPU
		{638B44DC-87EC-4844-B7B7-2FB35FD5C009}.Release|Any CPU.ActiveCfg = Release|Any CPU
		{638B44DC-87EC-4844-B7B7-2FB35FD5C009}.Release|Any CPU.Build.0 = Release|Any CPU
		{FD00B295-25B4-4630-B169-6E5A606AA4ED}.Debug|Any CPU.ActiveCfg = Debug|Any CPU
		{FD00B295-25B4-4630-B169-6E5A606AA4ED}.Debug|Any CPU.Build.0 = Debug|Any CPU
		{FD00B295-25B4-4630-B169-6E5A606AA4ED}.Release|Any CPU.ActiveCfg = Release|Any CPU
		{FD00B295-25B4-4630-B169-6E5A606AA4ED}.Release|Any CPU.Build.0 = Release|Any CPU
	EndGlobalSection
	GlobalSection(SolutionProperties) = preSolution
		HideSolutionNode = FALSE
	EndGlobalSection
	GlobalSection(ExtensibilityGlobals) = postSolution
		SolutionGuid = {AC732AA9-60D9-4FF1-8021-95F12F424BAF}
	EndGlobalSection
EndGlobal
